
Microsoft Visual Studio Solution File, Format Version 12.00
# Visual Studio Version 17
VisualStudioVersion = 17.8.34330.188
MinimumVisualStudioVersion = 10.0.40219.1
Project("{FAE04EC0-301F-11D3-BF4B-00C04F79EFBC}") = "ComTools", "ComTools.csproj", "{A39D8030-BF92-4016-B207-275C42626CBF}"
EndProject
Global
	GlobalSection(SolutionConfigurationPlatforms) = preSolution
		Debug|Any CPU = Debug|Any CPU
		Release|Any CPU = Release|Any CPU
	EndGlobalSection
	GlobalSection(ProjectConfigurationPlatforms) = postSolution
		{A39D8030-BF92-4016-B207-275C42626CBF}.Debug|Any CPU.ActiveCfg = Debug|Any CPU
		{A39D8030-BF92-4016-B207-275C42626CBF}.Debug|Any CPU.Build.0 = Debug|Any CPU
		{A39D8030-BF92-4016-B207-275C42626CBF}.Release|Any CPU.ActiveCfg = Release|Any CPU
		{A39D8030-BF92-4016-B207-275C42626CBF}.Release|Any CPU.Build.0 = Release|Any CPU
	EndGlobalSection
	GlobalSection(SolutionProperties) = preSolution
		HideSolutionNode = FALSE
	EndGlobalSection
	GlobalSection(ExtensibilityGlobals) = postSolution
		SolutionGuid = {35D8AEBD-B3D7-4B48-9E85-9988D9EFB4C0}
	EndGlobalSection
EndGlobal
