
Microsoft Visual Studio Solution File, Format Version 12.00
# Visual Studio 2013
VisualStudioVersion = 12.0.40629.0
MinimumVisualStudioVersion = 10.0.40219.1
Project("{FAE04EC0-301F-11D3-BF4B-00C04F79EFBC}") = "ProcessMonitor", "ProcessMonitor\ProcessMonitor.csproj", "{C2E3389B-7CDE-4A84-88B9-249B98BB69BB}"
EndProject
Global
	GlobalSection(SolutionConfigurationPlatforms) = preSolution
		Debug|Any CPU = Debug|Any CPU
		Release|Any CPU = Release|Any CPU
	EndGlobalSection
	GlobalSection(ProjectConfigurationPlatforms) = postSolution
		{C2E3389B-7CDE-4A84-88B9-249B98BB69BB}.Debug|Any CPU.ActiveCfg = Debug|Any CPU
		{C2E3389B-7CDE-4A84-88B9-249B98BB69BB}.Debug|Any CPU.Build.0 = Debug|Any CPU
		{C2E3389B-7CDE-4A84-88B9-249B98BB69BB}.Release|Any CPU.ActiveCfg = Release|Any CPU
		{C2E3389B-7CDE-4A84-88B9-249B98BB69BB}.Release|Any CPU.Build.0 = Release|Any CPU
	EndGlobalSection
	GlobalSection(SolutionProperties) = preSolution
		HideSolutionNode = FALSE
	EndGlobalSection
EndGlobal
