
Microsoft Visual Studio Solution File, Format Version 12.00
# Visual Studio Version 16
VisualStudioVersion = 16.0.33214.272
MinimumVisualStudioVersion = 10.0.40219.1
Project("{FAE04EC0-301F-11D3-BF4B-00C04F79EFBC}") = "EFCodeSqlite", "EFCodeSqlite\EFCodeSqlite.csproj", "{AD5A3CCD-16A0-4D08-A762-3C9E5EA17D4B}"
EndProject
Global
	GlobalSection(SolutionConfigurationPlatforms) = preSolution
		Debug|Any CPU = Debug|Any CPU
		Release|Any CPU = Release|Any CPU
	EndGlobalSection
	GlobalSection(ProjectConfigurationPlatforms) = postSolution
		{AD5A3CCD-16A0-4D08-A762-3C9E5EA17D4B}.Debug|Any CPU.ActiveCfg = Debug|Any CPU
		{AD5A3CCD-16A0-4D08-A762-3C9E5EA17D4B}.Debug|Any CPU.Build.0 = Debug|Any CPU
		{AD5A3CCD-16A0-4D08-A762-3C9E5EA17D4B}.Release|Any CPU.ActiveCfg = Release|Any CPU
		{AD5A3CCD-16A0-4D08-A762-3C9E5EA17D4B}.Release|Any CPU.Build.0 = Release|Any CPU
	EndGlobalSection
	GlobalSection(SolutionProperties) = preSolution
		HideSolutionNode = FALSE
	EndGlobalSection
	GlobalSection(ExtensibilityGlobals) = postSolution
		SolutionGuid = {92750998-8034-4997-8CBF-4761E29FE725}
	EndGlobalSection
EndGlobal
