
Microsoft Visual Studio Solution File, Format Version 12.00
# Visual Studio Version 17
VisualStudioVersion = 17.8.34330.188
MinimumVisualStudioVersion = 10.0.40219.1
Project("{FAE04EC0-301F-11D3-BF4B-00C04F79EFBC}") = "EAM.Listen", "EAM-Listen\EAM.Listen.csproj", "{19F5421C-62B4-408F-BA18-A82A2A88F45D}"
EndProject
Global
	GlobalSection(SolutionConfigurationPlatforms) = preSolution
		Debug|Any CPU = Debug|Any CPU
		Release|Any CPU = Release|Any CPU
	EndGlobalSection
	GlobalSection(ProjectConfigurationPlatforms) = postSolution
		{19F5421C-62B4-408F-BA18-A82A2A88F45D}.Debug|Any CPU.ActiveCfg = Debug|Any CPU
		{19F5421C-62B4-408F-BA18-A82A2A88F45D}.Debug|Any CPU.Build.0 = Debug|Any CPU
		{19F5421C-62B4-408F-BA18-A82A2A88F45D}.Release|Any CPU.ActiveCfg = Release|Any CPU
		{19F5421C-62B4-408F-BA18-A82A2A88F45D}.Release|Any CPU.Build.0 = Release|Any CPU
	EndGlobalSection
	GlobalSection(SolutionProperties) = preSolution
		HideSolutionNode = FALSE
	EndGlobalSection
	GlobalSection(ExtensibilityGlobals) = postSolution
		SolutionGuid = {E8C16B35-6BA9-4904-9EA5-1A72D9B4090A}
	EndGlobalSection
EndGlobal
